
Microsoft Visual Studio Solution File, Format Version 12.00
# Visual Studio Version 16
VisualStudioVersion = 16.0.31702.278
MinimumVisualStudioVersion = 10.0.40219.1
Project("{FAE04EC0-301F-11D3-BF4B-00C04F79EFBC}") = "LinkedListProblems", "LinkedListProblems\LinkedListProblems.csproj", "{2E091353-92DF-43D3-B48B-1B014A5EFB6A}"
EndProject
Global
	GlobalSection(SolutionConfigurationPlatforms) = preSolution
		Debug|Any CPU = Debug|Any CPU
		Release|Any CPU = Release|Any CPU
	EndGlobalSection
	GlobalSection(ProjectConfigurationPlatforms) = postSolution
		{2E091353-92DF-43D3-B48B-1B014A5EFB6A}.Debug|Any CPU.ActiveCfg = Debug|Any CPU
		{2E091353-92DF-43D3-B48B-1B014A5EFB6A}.Debug|Any CPU.Build.0 = Debug|Any CPU
		{2E091353-92DF-43D3-B48B-1B014A5EFB6A}.Release|Any CPU.ActiveCfg = Release|Any CPU
		{2E091353-92DF-43D3-B48B-1B014A5EFB6A}.Release|Any CPU.Build.0 = Release|Any CPU
	EndGlobalSection
	GlobalSection(SolutionProperties) = preSolution
		HideSolutionNode = FALSE
	EndGlobalSection
	GlobalSection(ExtensibilityGlobals) = postSolution
		SolutionGuid = {39833C44-99AD-4C2B-9968-B852C5D7D1A1}
	EndGlobalSection
EndGlobal
